
Microsoft Visual Studio Solution File, Format Version 12.00
# Visual Studio 15
VisualStudioVersion = 15.0.26730.16
MinimumVisualStudioVersion = 10.0.40219.1
Project("{FAE04EC0-301F-11D3-BF4B-00C04F79EFBC}") = "src", "src\src.csproj", "{EACAC728-A5E9-4950-B767-9F8C8C5FEFEE}"
EndProject
Global
	GlobalSection(SolutionConfigurationPlatforms) = preSolution
		Debug|Any CPU = Debug|Any CPU
		Release|Any CPU = Release|Any CPU
	EndGlobalSection
	GlobalSection(ProjectConfigurationPlatforms) = postSolution
		{EACAC728-A5E9-4950-B767-9F8C8C5FEFEE}.Debug|Any CPU.ActiveCfg = Debug|Any CPU
		{EACAC728-A5E9-4950-B767-9F8C8C5FEFEE}.Debug|Any CPU.Build.0 = Debug|Any CPU
		{EACAC728-A5E9-4950-B767-9F8C8C5FEFEE}.Release|Any CPU.ActiveCfg = Release|Any CPU
		{EACAC728-A5E9-4950-B767-9F8C8C5FEFEE}.Release|Any CPU.Build.0 = Release|Any CPU
	EndGlobalSection
	GlobalSection(SolutionProperties) = preSolution
		HideSolutionNode = FALSE
	EndGlobalSection
	GlobalSection(ExtensibilityGlobals) = postSolution
		SolutionGuid = {58BC3DC8-BB96-4AFE-96B0-33F14D12D0B9}
	EndGlobalSection
EndGlobal
